PODS:
  - DynamicButton (4.0.0)
  - Gifu (2.0.0)
  - MonkeyKing (1.2.3)
  - PNChart (0.8.9):
    - UICountingLabel (~> 1.2.0)
  - pop (1.0.9)
  - REFormattedNumberField (1.1.6)
  - RETableViewManager (1.7):
    - REFormattedNumberField (~> 1.1.5)
    - REValidation (~> 0.1.4)
  - REValidation (0.1.4)
  - SnapKit (3.2.0)
  - UICountingLabel (1.2.0)
  - YYText (1.0.7)

DEPENDENCIES:
  - DynamicButton
  - Gifu
  - MonkeyKing
  - PNChart
  - pop
  - RETableViewManager
  - SnapKit
  - YYText

SPEC CHECKSUMS:
  DynamicButton: ddc1e8d79e37f2761ab64df0c02e89061b05d812
  Gifu: 56a4d8f1092399159fa32662aa2232158b48d8ac
  MonkeyKing: 1cfd8fb7984f1d747c1f7c1179d755f8cc58e9b4
  PNChart: 84774d225c2126ded6c93d4dbe6ae98c3a73c2d2
  pop: f667631a5108a2e60d9e8797c9b32ddaf2080bce
  REFormattedNumberField: 70fc5fb1218ebd5ee9983820defd12806d5c6ec6
  RETableViewManager: 0f24d796c42c0890d38c79cc9aeb3871e186726e
  REValidation: 38c4de1be58455f8b00aab208ac80db316a66b7f
  SnapKit: 1ca44df72cfa543218d177cb8aab029d10d86ea7
  UICountingLabel: 1db4e7d023e1762171eb226d6dff47a7a84f27aa
  YYText: 5c461d709e24d55a182d1441c41dc639a18a4849

PODFILE CHECKSUM: 6c581d132a42d0190162f8ea26199b704a680077

COCOAPODS: 1.3.0.beta.1
